
Microsoft Visual Studio Solution File, Format Version 12.00
# Visual Studio Version 17
VisualStudioVersion = 17.6.33801.468
MinimumVisualStudioVersion = 10.0.40219.1
Project("{9A19103F-16F7-4668-BE54-9A1E7A4F7556}") = "Amazing", "Amazing\Amazing.csproj", "{9B2D7791-03BD-43CA-9DC8-8A5DC358DA12}"
EndProject
Project("{FAE04EC0-301F-11D3-BF4B-00C04F79EFBC}") = "ConsoleMaze", "ConsoleMaze\ConsoleMaze.csproj", "{9709C350-B8AA-4655-92AB-106548C13104}"
EndProject
Global
	GlobalSection(SolutionConfigurationPlatforms) = preSolution
		Debug|Any CPU = Debug|Any CPU
		Release|Any CPU = Release|Any CPU
	EndGlobalSection
	GlobalSection(ProjectConfigurationPlatforms) = postSolution
		{9B2D7791-03BD-43CA-9DC8-8A5DC358DA12}.Debug|Any CPU.ActiveCfg = Debug|Any CPU
		{9B2D7791-03BD-43CA-9DC8-8A5DC358DA12}.Debug|Any CPU.Build.0 = Debug|Any CPU
		{9B2D7791-03BD-43CA-9DC8-8A5DC358DA12}.Release|Any CPU.ActiveCfg = Release|Any CPU
		{9B2D7791-03BD-43CA-9DC8-8A5DC358DA12}.Release|Any CPU.Build.0 = Release|Any CPU
		{9709C350-B8AA-4655-92AB-106548C13104}.Debug|Any CPU.ActiveCfg = Debug|Any CPU
		{9709C350-B8AA-4655-92AB-106548C13104}.Debug|Any CPU.Build.0 = Debug|Any CPU
		{9709C350-B8AA-4655-92AB-106548C13104}.Release|Any CPU.ActiveCfg = Release|Any CPU
		{9709C350-B8AA-4655-92AB-106548C13104}.Release|Any CPU.Build.0 = Release|Any CPU
	EndGlobalSection
	GlobalSection(SolutionProperties) = preSolution
		HideSolutionNode = FALSE
	EndGlobalSection
	GlobalSection(ExtensibilityGlobals) = postSolution
		SolutionGuid = {4F74B2A6-06CA-4B82-95F0-2560A66E0F48}
	EndGlobalSection
EndGlobal
